dependencies:
- name: walletwave-common
  repository: file://../../walletwave-common
  version: 0.1.0
- name: configserver
  repository: file://../../walletwave-services/configserver
  version: 0.1.0
- name: accounts
  repository: file://../../walletwave-services/accounts
  version: 0.1.0
- name: cards
  repository: file://../../walletwave-services/cards
  version: 0.1.0
- name: loans
  repository: file://../../walletwave-services/loans
  version: 0.1.0
- name: gatewayserver
  repository: file://../../walletwave-services/gatewayserver
  version: 0.1.0
- name: message
  repository: file://../../walletwave-services/message
  version: 0.1.0
digest: sha256:2635ffbd8b6a6ad91013ffb602b4fa0a00bdacfb1d6d3743e304728edb0f1472
generated: "2025-05-05T23:23:06.847385+04:00"
